
Microsoft Visual Studio Solution File, Format Version 12.00
# Visual Studio Version 17
VisualStudioVersion = 17.14.36327.8
MinimumVisualStudioVersion = 10.0.40219.1
Project("{FAE04EC0-301F-11D3-BF4B-00C04F79EFBC}") = "Ereoz.DataStorage", "Ereoz.DataStorage\Ereoz.DataStorage.csproj", "{09E68E80-E0BA-0C4E-393F-A780EF05AC66}"
EndProject
Project("{FAE04EC0-301F-11D3-BF4B-00C04F79EFBC}") = "Ereoz.DataStorage.Tests", "Ereoz.DataStorage.Tests\Ereoz.DataStorage.Tests.csproj", "{55EE98B2-D382-E9C7-884A-2E0E527D8EF2}"
EndProject
Global
	GlobalSection(SolutionConfigurationPlatforms) = preSolution
		Debug|Any CPU = Debug|Any CPU
		Release|Any CPU = Release|Any CPU
	EndGlobalSection
	GlobalSection(ProjectConfigurationPlatforms) = postSolution
		{09E68E80-E0BA-0C4E-393F-A780EF05AC66}.Debug|Any CPU.ActiveCfg = Debug|Any CPU
		{09E68E80-E0BA-0C4E-393F-A780EF05AC66}.Debug|Any CPU.Build.0 = Debug|Any CPU
		{09E68E80-E0BA-0C4E-393F-A780EF05AC66}.Release|Any CPU.ActiveCfg = Release|Any CPU
		{09E68E80-E0BA-0C4E-393F-A780EF05AC66}.Release|Any CPU.Build.0 = Release|Any CPU
		{55EE98B2-D382-E9C7-884A-2E0E527D8EF2}.Debug|Any CPU.ActiveCfg = Debug|Any CPU
		{55EE98B2-D382-E9C7-884A-2E0E527D8EF2}.Debug|Any CPU.Build.0 = Debug|Any CPU
		{55EE98B2-D382-E9C7-884A-2E0E527D8EF2}.Release|Any CPU.ActiveCfg = Release|Any CPU
		{55EE98B2-D382-E9C7-884A-2E0E527D8EF2}.Release|Any CPU.Build.0 = Release|Any CPU
	EndGlobalSection
	GlobalSection(SolutionProperties) = preSolution
		HideSolutionNode = FALSE
	EndGlobalSection
	GlobalSection(ExtensibilityGlobals) = postSolution
		SolutionGuid = {366BFE04-CF88-458A-A03F-96CC06B38C91}
	EndGlobalSection
EndGlobal
